
Microsoft Visual Studio Solution File, Format Version 12.00
# Visual Studio 14
VisualStudioVersion = 14.0.25420.1
MinimumVisualStudioVersion = 10.0.40219.1
Project("{E24C65DC-7377-472B-9ABA-BC803B73C61A}") = "Saitti", "Saitti\", "{3E07E2B3-CB80-4885-B897-D2149243510F}"
	ProjectSection(WebsiteProperties) = preProject
		TargetFrameworkMoniker = ".NETFramework,Version%3Dv4.5"
		Debug.AspNetCompiler.VirtualPath = "/localhost_13303"
		Debug.AspNetCompiler.PhysicalPath = "Saitti\"
		Debug.AspNetCompiler.TargetPath = "PrecompiledWeb\localhost_13303\"
		Debug.AspNetCompiler.Updateable = "true"
		Debug.AspNetCompiler.ForceOverwrite = "true"
		Debug.AspNetCompiler.FixedNames = "false"
		Debug.AspNetCompiler.Debug = "True"
		Release.AspNetCompiler.VirtualPath = "/localhost_13303"
		Release.AspNetCompiler.PhysicalPath = "Saitti\"
		Release.AspNetCompiler.TargetPath = "PrecompiledWeb\localhost_13303\"
		Release.AspNetCompiler.Updateable = "true"
		Release.AspNetCompiler.ForceOverwrite = "true"
		Release.AspNetCompiler.FixedNames = "false"
		Release.AspNetCompiler.Debug = "False"
		VWDPort = "13303"
		SlnRelativePath = "Saitti\"
	EndProjectSection
EndProject
Project("{E24C65DC-7377-472B-9ABA-BC803B73C61A}") = "Exercise1", "Exercise1\", "{614286D0-2309-4797-AC7A-08D6A283A60B}"
	ProjectSection(WebsiteProperties) = preProject
		TargetFrameworkMoniker = ".NETFramework,Version%3Dv4.5.2"
		Debug.AspNetCompiler.VirtualPath = "/localhost_11174"
		Debug.AspNetCompiler.PhysicalPath = "Exercise1\"
		Debug.AspNetCompiler.TargetPath = "PrecompiledWeb\localhost_11174\"
		Debug.AspNetCompiler.Updateable = "true"
		Debug.AspNetCompiler.ForceOverwrite = "true"
		Debug.AspNetCompiler.FixedNames = "false"
		Debug.AspNetCompiler.Debug = "True"
		Release.AspNetCompiler.VirtualPath = "/localhost_11174"
		Release.AspNetCompiler.PhysicalPath = "Exercise1\"
		Release.AspNetCompiler.TargetPath = "PrecompiledWeb\localhost_11174\"
		Release.AspNetCompiler.Updateable = "true"
		Release.AspNetCompiler.ForceOverwrite = "true"
		Release.AspNetCompiler.FixedNames = "false"
		Release.AspNetCompiler.Debug = "False"
		VWDPort = "11174"
		SlnRelativePath = "Exercise1\"
		DefaultWebSiteLanguage = "Visual C#"
	EndProjectSection
EndProject
Project("{E24C65DC-7377-472B-9ABA-BC803B73C61A}") = "Exercise2", "Exercise2\", "{B19BA4A6-859C-4304-B069-375B009B8C80}"
	ProjectSection(WebsiteProperties) = preProject
		TargetFrameworkMoniker = ".NETFramework,Version%3Dv4.5.2"
		Debug.AspNetCompiler.VirtualPath = "/localhost_10289"
		Debug.AspNetCompiler.PhysicalPath = "Exercise2\"
		Debug.AspNetCompiler.TargetPath = "PrecompiledWeb\localhost_10289\"
		Debug.AspNetCompiler.Updateable = "true"
		Debug.AspNetCompiler.ForceOverwrite = "true"
		Debug.AspNetCompiler.FixedNames = "false"
		Debug.AspNetCompiler.Debug = "True"
		Release.AspNetCompiler.VirtualPath = "/localhost_10289"
		Release.AspNetCompiler.PhysicalPath = "Exercise2\"
		Release.AspNetCompiler.TargetPath = "PrecompiledWeb\localhost_10289\"
		Release.AspNetCompiler.Updateable = "true"
		Release.AspNetCompiler.ForceOverwrite = "true"
		Release.AspNetCompiler.FixedNames = "false"
		Release.AspNetCompiler.Debug = "False"
		VWDPort = "10289"
		SlnRelativePath = "Exercise2\"
		DefaultWebSiteLanguage = "Visual C#"
	EndProjectSection
EndProject
Project("{E24C65DC-7377-472B-9ABA-BC803B73C61A}") = "Exercise3", "Exercise3\", "{96E90C22-F4D8-441D-873C-C0C1E660D9AF}"
	ProjectSection(WebsiteProperties) = preProject
		TargetFrameworkMoniker = ".NETFramework,Version%3Dv4.5.2"
		Debug.AspNetCompiler.VirtualPath = "/localhost_4443"
		Debug.AspNetCompiler.PhysicalPath = "Exercise3\"
		Debug.AspNetCompiler.TargetPath = "PrecompiledWeb\localhost_4443\"
		Debug.AspNetCompiler.Updateable = "true"
		Debug.AspNetCompiler.ForceOverwrite = "true"
		Debug.AspNetCompiler.FixedNames = "false"
		Debug.AspNetCompiler.Debug = "True"
		Release.AspNetCompiler.VirtualPath = "/localhost_4443"
		Release.AspNetCompiler.PhysicalPath = "Exercise3\"
		Release.AspNetCompiler.TargetPath = "PrecompiledWeb\localhost_4443\"
		Release.AspNetCompiler.Updateable = "true"
		Release.AspNetCompiler.ForceOverwrite = "true"
		Release.AspNetCompiler.FixedNames = "false"
		Release.AspNetCompiler.Debug = "False"
		VWDPort = "4443"
		SlnRelativePath = "Exercise3\"
		DefaultWebSiteLanguage = "Visual C#"
	EndProjectSection
EndProject
Project("{E24C65DC-7377-472B-9ABA-BC803B73C61A}") = "Exercise4", "Exercise4\", "{502E2681-FAFC-4175-975C-1BDAC1356CE9}"
	ProjectSection(WebsiteProperties) = preProject
		TargetFrameworkMoniker = ".NETFramework,Version%3Dv4.5.2"
		Debug.AspNetCompiler.VirtualPath = "/localhost_10159"
		Debug.AspNetCompiler.PhysicalPath = "Exercise4\"
		Debug.AspNetCompiler.TargetPath = "PrecompiledWeb\localhost_10159\"
		Debug.AspNetCompiler.Updateable = "true"
		Debug.AspNetCompiler.ForceOverwrite = "true"
		Debug.AspNetCompiler.FixedNames = "false"
		Debug.AspNetCompiler.Debug = "True"
		Release.AspNetCompiler.VirtualPath = "/localhost_10159"
		Release.AspNetCompiler.PhysicalPath = "Exercise4\"
		Release.AspNetCompiler.TargetPath = "PrecompiledWeb\localhost_10159\"
		Release.AspNetCompiler.Updateable = "true"
		Release.AspNetCompiler.ForceOverwrite = "true"
		Release.AspNetCompiler.FixedNames = "false"
		Release.AspNetCompiler.Debug = "False"
		VWDPort = "10159"
		SlnRelativePath = "Exercise4\"
		DefaultWebSiteLanguage = "Visual C#"
	EndProjectSection
EndProject
Global
	GlobalSection(SolutionConfigurationPlatforms) = preSolution
		Debug|Any CPU = Debug|Any CPU
		Release|Any CPU = Release|Any CPU
	EndGlobalSection
	GlobalSection(ProjectConfigurationPlatforms) = postSolution
		{3E07E2B3-CB80-4885-B897-D2149243510F}.Debug|Any CPU.ActiveCfg = Debug|Any CPU
		{3E07E2B3-CB80-4885-B897-D2149243510F}.Debug|Any CPU.Build.0 = Debug|Any CPU
		{3E07E2B3-CB80-4885-B897-D2149243510F}.Release|Any CPU.ActiveCfg = Debug|Any CPU
		{3E07E2B3-CB80-4885-B897-D2149243510F}.Release|Any CPU.Build.0 = Debug|Any CPU
		{614286D0-2309-4797-AC7A-08D6A283A60B}.Debug|Any CPU.ActiveCfg = Debug|Any CPU
		{614286D0-2309-4797-AC7A-08D6A283A60B}.Debug|Any CPU.Build.0 = Debug|Any CPU
		{614286D0-2309-4797-AC7A-08D6A283A60B}.Release|Any CPU.ActiveCfg = Debug|Any CPU
		{614286D0-2309-4797-AC7A-08D6A283A60B}.Release|Any CPU.Build.0 = Debug|Any CPU
		{B19BA4A6-859C-4304-B069-375B009B8C80}.Debug|Any CPU.ActiveCfg = Debug|Any CPU
		{B19BA4A6-859C-4304-B069-375B009B8C80}.Debug|Any CPU.Build.0 = Debug|Any CPU
		{B19BA4A6-859C-4304-B069-375B009B8C80}.Release|Any CPU.ActiveCfg = Debug|Any CPU
		{B19BA4A6-859C-4304-B069-375B009B8C80}.Release|Any CPU.Build.0 = Debug|Any CPU
		{96E90C22-F4D8-441D-873C-C0C1E660D9AF}.Debug|Any CPU.ActiveCfg = Debug|Any CPU
		{96E90C22-F4D8-441D-873C-C0C1E660D9AF}.Debug|Any CPU.Build.0 = Debug|Any CPU
		{96E90C22-F4D8-441D-873C-C0C1E660D9AF}.Release|Any CPU.ActiveCfg = Debug|Any CPU
		{96E90C22-F4D8-441D-873C-C0C1E660D9AF}.Release|Any CPU.Build.0 = Debug|Any CPU
		{502E2681-FAFC-4175-975C-1BDAC1356CE9}.Debug|Any CPU.ActiveCfg = Debug|Any CPU
		{502E2681-FAFC-4175-975C-1BDAC1356CE9}.Debug|Any CPU.Build.0 = Debug|Any CPU
		{502E2681-FAFC-4175-975C-1BDAC1356CE9}.Release|Any CPU.ActiveCfg = Debug|Any CPU
		{502E2681-FAFC-4175-975C-1BDAC1356CE9}.Release|Any CPU.Build.0 = Debug|Any CPU
	EndGlobalSection
	GlobalSection(SolutionProperties) = preSolution
		HideSolutionNode = FALSE
	EndGlobalSection
EndGlobal
